
Microsoft Visual Studio Solution File, Format Version 12.00
# Visual Studio Version 17
VisualStudioVersion = 17.4.33213.308
MinimumVisualStudioVersion = 10.0.40219.1
Project("{9A19103F-16F7-4668-BE54-9A1E7A4F7556}") = "FunnyMoneyTransfer.Data", "FunnyMoneyTransfer.Data\FunnyMoneyTransfer.Data.csproj", "{D7D000C9-0257-4374-B27A-870B5DE8485E}"
EndProject
Project("{FAE04EC0-301F-11D3-BF4B-00C04F79EFBC}") = "FunnyMoneyTransfer.UI.WPF", "FunnyMoneyTransfer.UI.WPF\FunnyMoneyTransfer.UI.WPF.csproj", "{5DF8C73E-AD79-4A3C-A0F1-B4F0D6445CEF}"
EndProject
Project("{FAE04EC0-301F-11D3-BF4B-00C04F79EFBC}") = "FunnyMoneyTransfer.Security", "FunnyMoneyTransfer.Security\FunnyMoneyTransfer.Security.csproj", "{189D89ED-2179-43F8-B338-E185D8B3E751}"
EndProject
Global
	GlobalSection(SolutionConfigurationPlatforms) = preSolution
		Debug|Any CPU = Debug|Any CPU
		Release|Any CPU = Release|Any CPU
	EndGlobalSection
	GlobalSection(ProjectConfigurationPlatforms) = postSolution
		{D7D000C9-0257-4374-B27A-870B5DE8485E}.Debug|Any CPU.ActiveCfg = Debug|Any CPU
		{D7D000C9-0257-4374-B27A-870B5DE8485E}.Debug|Any CPU.Build.0 = Debug|Any CPU
		{D7D000C9-0257-4374-B27A-870B5DE8485E}.Release|Any CPU.ActiveCfg = Release|Any CPU
		{D7D000C9-0257-4374-B27A-870B5DE8485E}.Release|Any CPU.Build.0 = Release|Any CPU
		{5DF8C73E-AD79-4A3C-A0F1-B4F0D6445CEF}.Debug|Any CPU.ActiveCfg = Debug|Any CPU
		{5DF8C73E-AD79-4A3C-A0F1-B4F0D6445CEF}.Debug|Any CPU.Build.0 = Debug|Any CPU
		{5DF8C73E-AD79-4A3C-A0F1-B4F0D6445CEF}.Release|Any CPU.ActiveCfg = Release|Any CPU
		{5DF8C73E-AD79-4A3C-A0F1-B4F0D6445CEF}.Release|Any CPU.Build.0 = Release|Any CPU
		{189D89ED-2179-43F8-B338-E185D8B3E751}.Debug|Any CPU.ActiveCfg = Debug|Any CPU
		{189D89ED-2179-43F8-B338-E185D8B3E751}.Debug|Any CPU.Build.0 = Debug|Any CPU
		{189D89ED-2179-43F8-B338-E185D8B3E751}.Release|Any CPU.ActiveCfg = Release|Any CPU
		{189D89ED-2179-43F8-B338-E185D8B3E751}.Release|Any CPU.Build.0 = Release|Any CPU
	EndGlobalSection
	GlobalSection(SolutionProperties) = preSolution
		HideSolutionNode = FALSE
	EndGlobalSection
	GlobalSection(ExtensibilityGlobals) = postSolution
		SolutionGuid = {43083D85-EE4F-4480-BB58-C8B2C14CF661}
	EndGlobalSection
EndGlobal
